
Microsoft Visual Studio Solution File, Format Version 12.00
# Visual Studio Version 16
VisualStudioVersion = 16.0.29613.14
MinimumVisualStudioVersion = 10.0.40219.1
Project("{FAE04EC0-301F-11D3-BF4B-00C04F79EFBC}") = "RecipesAppNetCore", "RecipesAppNetCore\RecipesAppNetCore.csproj", "{C607E3D9-ECF1-4083-903E-E4B5D85B5D39}"
EndProject
Global
	GlobalSection(SolutionConfigurationPlatforms) = preSolution
		Debug|Any CPU = Debug|Any CPU
		Release|Any CPU = Release|Any CPU
	EndGlobalSection
	GlobalSection(ProjectConfigurationPlatforms) = postSolution
		{C607E3D9-ECF1-4083-903E-E4B5D85B5D39}.Debug|Any CPU.ActiveCfg = Debug|Any CPU
		{C607E3D9-ECF1-4083-903E-E4B5D85B5D39}.Debug|Any CPU.Build.0 = Debug|Any CPU
		{C607E3D9-ECF1-4083-903E-E4B5D85B5D39}.Release|Any CPU.ActiveCfg = Release|Any CPU
		{C607E3D9-ECF1-4083-903E-E4B5D85B5D39}.Release|Any CPU.Build.0 = Release|Any CPU
	EndGlobalSection
	GlobalSection(SolutionProperties) = preSolution
		HideSolutionNode = FALSE
	EndGlobalSection
	GlobalSection(ExtensibilityGlobals) = postSolution
		SolutionGuid = {CB4CDD85-6186-434E-8231-8B531295916E}
	EndGlobalSection
EndGlobal
